{
  "name": "npm-can-install-git-module",
  "version": "1.0.0",
  "lockfileVersion": 2,
  "requires": true,
  "packages": {
    "": {
      "version": "1.0.0",
      "license": "MIT",
      "dependencies": {
        "npm-git-module": "github:frankra/npm-git-module#a3c1adefbe33952c3d3c1a10bfa9ff468778bb1b"
      }
    },
    "node_modules/npm-git-module": {
      "version": "1.0.0",
      "resolved": "git+ssh://git@github.com/frankra/npm-git-module.git#a3c1adefbe33952c3d3c1a10bfa9ff468778bb1b",
      "integrity": "sha512-IJbXxfRhWGexcPtZWjQmHJaE57lEVnm6HgPdNbnpoB0KH8o+lu2dIprXKpfMSry5A5K/nvG+CNwoBcHP0lZG3w==",
      "license": "MIT"
    }
  },
  "dependencies": {
    "npm-git-module": {
      "version": "git+ssh://git@github.com/frankra/npm-git-module.git#a3c1adefbe33952c3d3c1a10bfa9ff468778bb1b",
      "integrity": "sha512-IJbXxfRhWGexcPtZWjQmHJaE57lEVnm6HgPdNbnpoB0KH8o+lu2dIprXKpfMSry5A5K/nvG+CNwoBcHP0lZG3w==",
      "from": "npm-git-module@git+ssh://git@github.com:frankra/npm-git-module.git#a3c1adefbe33952c3d3c1a10bfa9ff468778bb1b"
    }
  }
}
